
Microsoft Visual Studio Solution File, Format Version 12.00
# Visual Studio Version 16
VisualStudioVersion = 16.0.29613.14
MinimumVisualStudioVersion = 10.0.40219.1
Project("{888888A0-9F3D-457C-B088-3A5042F75D52}") = "Ozp", "Ozp.pyproj", "{24312208-7D5D-44CF-B692-E96EB1DED224}"
EndProject
Global
	GlobalSection(SolutionConfigurationPlatforms) = preSolution
		Debug|Any CPU = Debug|Any CPU
		Release|Any CPU = Release|Any CPU
	EndGlobalSection
	GlobalSection(ProjectConfigurationPlatforms) = postSolution
		{24312208-7D5D-44CF-B692-E96EB1DED224}.Debug|Any CPU.ActiveCfg = Debug|Any CPU
		{24312208-7D5D-44CF-B692-E96EB1DED224}.Release|Any CPU.ActiveCfg = Release|Any CPU
	EndGlobalSection
	GlobalSection(SolutionProperties) = preSolution
		HideSolutionNode = FALSE
	EndGlobalSection
	GlobalSection(ExtensibilityGlobals) = postSolution
		SolutionGuid = {37F6805E-F2C9-4D24-BE03-265A31D556EE}
	EndGlobalSection
EndGlobal
